
Microsoft Visual Studio Solution File, Format Version 12.00
# Visual Studio Version 16
VisualStudioVersion = 16.0.32602.291
MinimumVisualStudioVersion = 10.0.40219.1
Project("{FAE04EC0-301F-11D3-BF4B-00C04F79EFBC}") = "WpfApp22", "WpfApp22\WpfApp22.csproj", "{5CE5F27E-392B-4742-BF63-35C01D2609DB}"
EndProject
Global
	GlobalSection(SolutionConfigurationPlatforms) = preSolution
		Debug|Any CPU = Debug|Any CPU
		Release|Any CPU = Release|Any CPU
	EndGlobalSection
	GlobalSection(ProjectConfigurationPlatforms) = postSolution
		{5CE5F27E-392B-4742-BF63-35C01D2609DB}.Debug|Any CPU.ActiveCfg = Debug|Any CPU
		{5CE5F27E-392B-4742-BF63-35C01D2609DB}.Debug|Any CPU.Build.0 = Debug|Any CPU
		{5CE5F27E-392B-4742-BF63-35C01D2609DB}.Release|Any CPU.ActiveCfg = Release|Any CPU
		{5CE5F27E-392B-4742-BF63-35C01D2609DB}.Release|Any CPU.Build.0 = Release|Any CPU
	EndGlobalSection
	GlobalSection(SolutionProperties) = preSolution
		HideSolutionNode = FALSE
	EndGlobalSection
	GlobalSection(ExtensibilityGlobals) = postSolution
		SolutionGuid = {E2B86EEA-3CA0-4930-B7A2-52B8F596F734}
	EndGlobalSection
EndGlobal
